{
    "name": "litterbot-controller",
    "version": "1.4.1",
    "lockfileVersion": 3,
    "requires": true,
    "packages": {
        "": {
            "name": "litterbot-controller",
            "version": "1.4.1",
            "hasInstallScript": true,
            "bin": {
                "l": "start.ps1"
            }
        }
    }
}
